
Microsoft Visual Studio Solution File, Format Version 12.00
# Visual Studio Version 16
VisualStudioVersion = 16.0.31911.196
MinimumVisualStudioVersion = 10.0.40219.1
Project("{FAE04EC0-301F-11D3-BF4B-00C04F79EFBC}") = "CarSalesApplication", "CarSalesApplication.csproj", "{D61B707D-1EFB-4FD3-9270-ABC4C09B63EE}"
EndProject
Global
	GlobalSection(SolutionConfigurationPlatforms) = preSolution
		Debug|Any CPU = Debug|Any CPU
		Release|Any CPU = Release|Any CPU
	EndGlobalSection
	GlobalSection(ProjectConfigurationPlatforms) = postSolution
		{D61B707D-1EFB-4FD3-9270-ABC4C09B63EE}.Debug|Any CPU.ActiveCfg = Debug|Any CPU
		{D61B707D-1EFB-4FD3-9270-ABC4C09B63EE}.Debug|Any CPU.Build.0 = Debug|Any CPU
		{D61B707D-1EFB-4FD3-9270-ABC4C09B63EE}.Release|Any CPU.ActiveCfg = Release|Any CPU
		{D61B707D-1EFB-4FD3-9270-ABC4C09B63EE}.Release|Any CPU.Build.0 = Release|Any CPU
	EndGlobalSection
	GlobalSection(SolutionProperties) = preSolution
		HideSolutionNode = FALSE
	EndGlobalSection
	GlobalSection(ExtensibilityGlobals) = postSolution
		SolutionGuid = {C6AD5581-3FCB-4DD4-9572-FBFD82834D2F}
	EndGlobalSection
EndGlobal
